Microsoft Visual Studio Solution File, Format Version 11.00
# Visual Studio 2010
Project("{F184B08F-C81C-45F6-A57F-5ABD9991F28F}") = "E689.Win", "E689.Win\E689.Win.vbproj", "{DB733282-A774-4168-99EA-FD3897C0F509}"
EndProject
Project("{F184B08F-C81C-45F6-A57F-5ABD9991F28F}") = "E689.Module", "E689.Module\E689.Module.vbproj", "{BBD4FB2E-CC51-4F99-9FB6-67D7ED63C975}"
EndProject
Project("{F184B08F-C81C-45F6-A57F-5ABD9991F28F}") = "E689.Module.Web", "E689.Module.Web\E689.Module.Web.vbproj", "{ACB39AE9-E6A9-49F0-B9FB-5D734A0A071F}"
EndProject
Project("{F184B08F-C81C-45F6-A57F-5ABD9991F28F}") = "E689.Web", "E689.Web\E689.Web.vbproj", "{24318A5F-6ED9-4DBD-AE8C-8D3148648443}"
EndProject
Project("{F184B08F-C81C-45F6-A57F-5ABD9991F28F}") = "E689.Module.Win", "E689.Module.Win\E689.Module.Win.vbproj", "{1416D0F4-7063-41FE-AD77-59406FCC0273}"
EndProject
Global
	GlobalSection(SolutionConfigurationPlatforms) = preSolution
		Debug|Any CPU = Debug|Any CPU
		EasyTest|Any CPU = EasyTest|Any CPU
		Release|Any CPU = Release|Any CPU
	EndGlobalSection
	GlobalSection(ProjectConfigurationPlatforms) = postSolution
		{BBD4FB2E-CC51-4F99-9FB6-67D7ED63C975}.Debug|Any CPU.ActiveCfg = Debug|Any CPU
		{BBD4FB2E-CC51-4F99-9FB6-67D7ED63C975}.Debug|Any CPU.Build.0 = Debug|Any CPU
		{BBD4FB2E-CC51-4F99-9FB6-67D7ED63C975}.EasyTest|Any CPU.ActiveCfg = EasyTest|Any CPU
		{BBD4FB2E-CC51-4F99-9FB6-67D7ED63C975}.EasyTest|Any CPU.Build.0 = EasyTest|Any CPU
		{BBD4FB2E-CC51-4F99-9FB6-67D7ED63C975}.Release|Any CPU.ActiveCfg = Release|Any CPU
		{BBD4FB2E-CC51-4F99-9FB6-67D7ED63C975}.Release|Any CPU.Build.0 = Release|Any CPU
		{ACB39AE9-E6A9-49F0-B9FB-5D734A0A071F}.Debug|Any CPU.ActiveCfg = Debug|Any CPU
		{ACB39AE9-E6A9-49F0-B9FB-5D734A0A071F}.Debug|Any CPU.Build.0 = Debug|Any CPU
		{ACB39AE9-E6A9-49F0-B9FB-5D734A0A071F}.EasyTest|Any CPU.ActiveCfg = EasyTest|Any CPU
		{ACB39AE9-E6A9-49F0-B9FB-5D734A0A071F}.EasyTest|Any CPU.Build.0 = EasyTest|Any CPU
		{ACB39AE9-E6A9-49F0-B9FB-5D734A0A071F}.Release|Any CPU.ActiveCfg = Release|Any CPU
		{ACB39AE9-E6A9-49F0-B9FB-5D734A0A071F}.Release|Any CPU.Build.0 = Release|Any CPU
		{24318A5F-6ED9-4DBD-AE8C-8D3148648443}.Debug|Any CPU.ActiveCfg = Debug|Any CPU
		{24318A5F-6ED9-4DBD-AE8C-8D3148648443}.Debug|Any CPU.Build.0 = Debug|Any CPU
		{24318A5F-6ED9-4DBD-AE8C-8D3148648443}.EasyTest|Any CPU.ActiveCfg = EasyTest|Any CPU
		{24318A5F-6ED9-4DBD-AE8C-8D3148648443}.EasyTest|Any CPU.Build.0 = EasyTest|Any CPU
		{24318A5F-6ED9-4DBD-AE8C-8D3148648443}.Release|Any CPU.ActiveCfg = Release|Any CPU
		{24318A5F-6ED9-4DBD-AE8C-8D3148648443}.Release|Any CPU.Build.0 = Release|Any CPU
		{1416D0F4-7063-41FE-AD77-59406FCC0273}.Debug|Any CPU.ActiveCfg = Debug|Any CPU
		{1416D0F4-7063-41FE-AD77-59406FCC0273}.Debug|Any CPU.Build.0 = Debug|Any CPU
		{1416D0F4-7063-41FE-AD77-59406FCC0273}.EasyTest|Any CPU.ActiveCfg = EasyTest|Any CPU
		{1416D0F4-7063-41FE-AD77-59406FCC0273}.EasyTest|Any CPU.Build.0 = EasyTest|Any CPU
		{1416D0F4-7063-41FE-AD77-59406FCC0273}.Release|Any CPU.ActiveCfg = Release|Any CPU
		{1416D0F4-7063-41FE-AD77-59406FCC0273}.Release|Any CPU.Build.0 = Release|Any CPU
		{DB733282-A774-4168-99EA-FD3897C0F509}.Debug|Any CPU.ActiveCfg = Debug|Any CPU
		{DB733282-A774-4168-99EA-FD3897C0F509}.Debug|Any CPU.Build.0 = Debug|Any CPU
		{DB733282-A774-4168-99EA-FD3897C0F509}.EasyTest|Any CPU.ActiveCfg = EasyTest|Any CPU
		{DB733282-A774-4168-99EA-FD3897C0F509}.EasyTest|Any CPU.Build.0 = EasyTest|Any CPU
		{DB733282-A774-4168-99EA-FD3897C0F509}.Release|Any CPU.ActiveCfg = Release|Any CPU
		{DB733282-A774-4168-99EA-FD3897C0F509}.Release|Any CPU.Build.0 = Release|Any CPU
	EndGlobalSection
	GlobalSection(SolutionProperties) = preSolution
		HideSolutionNode = FALSE
	EndGlobalSection
EndGlobal
